github.com/go-telegram-bot-api/telegram-bot-api v4.6.4+incompatible h1:2cauKuaELYAEARXRkq2LrJ0yDDv1rW7+wrTEdVL3uaU=
github.com/go-telegram-bot-api/telegram-bot-api v4.6.4+incompatible/go.mod h1:qf9acutJ8cwBUhm1bqgz6Bei9/C/c93FPDljKWwsOgM=
github.com/orsenkucher/nothing/encio v0.0.0-20200229123326-837dee75920c h1:0j4bWuUGVD+YjJmh714XWVoc2gBAoCcmwQZs87JKDs0=
github.com/orsenkucher/nothing/encio v0.0.0-20200229123326-837dee75920c/go.mod h1:NgEsur+isLpyRw0dEzCeZ+2RBtSoyumqbaJvfPx3MaI=
github.com/technoweenie/multipartstreamer v1.0.1 h1:XRztA5MXiR1TIRHxH2uNxXxaIkKQDeX7m2XsSOlQEnM=
github.com/technoweenie/multipartstreamer v1.0.1/go.mod h1:jNVxdtShOxzAsukZwTSw6MDx5eUJoiEBsSvzDU9uzog=
